
Microsoft Visual Studio Solution File, Format Version 12.00
# Visual Studio Version 16
VisualStudioVersion = 16.0.31424.327
MinimumVisualStudioVersion = 10.0.40219.1
Project("{9A19103F-16F7-4668-BE54-9A1E7A4F7556}") = "SunstoneProject.Domain", "src\SunstoneProject.Domain\SunstoneProject.Domain.csproj", "{CCD7F824-DD3F-4A8C-A45E-4649F1C27EC6}"
EndProject
Project("{9A19103F-16F7-4668-BE54-9A1E7A4F7556}") = "SunstoneProject.Application", "src\SunstoneProject.Application\SunstoneProject.Application.csproj", "{B0B58073-BACD-401D-86E9-DEED6638C8AE}"
EndProject
Project("{9A19103F-16F7-4668-BE54-9A1E7A4F7556}") = "SunstoneProject.Infrastructure", "src\SunstoneProject.Infrastructure\SunstoneProject.Infrastructure.csproj", "{F3DE692E-5E56-45C2-8063-97AF36C509AB}"
EndProject
Project("{2150E333-8FDC-42A3-9474-1A3956D46DE8}") = "src", "src", "{3D5BE257-359E-4CFE-A717-F1D6F6F68690}"
EndProject
Project("{2150E333-8FDC-42A3-9474-1A3956D46DE8}") = "test", "test", "{7C1222DD-28DF-4C78-8AC9-8B66A36EC620}"
EndProject
Project("{2150E333-8FDC-42A3-9474-1A3956D46DE8}") = "Solution Items", "Solution Items", "{5CDC7385-8B02-4553-8111-676642131E54}"
EndProject
Project("{9A19103F-16F7-4668-BE54-9A1E7A4F7556}") = "SunstoneProject.Tests", "tests\SunstoneProject.Tests\SunstoneProject.Tests.csproj", "{F623C536-80F8-445F-9D6D-D77772B8DF41}"
EndProject
Project("{FAE04EC0-301F-11D3-BF4B-00C04F79EFBC}") = "SunstoneProject.Api", "src\SunstoneProject.Api\SunstoneProject.Api.csproj", "{CFF059C3-3932-4E81-A7CF-E4D82FDCA5F4}"
EndProject
Global
	GlobalSection(SolutionConfigurationPlatforms) = preSolution
		Debug|Any CPU = Debug|Any CPU
		Release|Any CPU = Release|Any CPU
	EndGlobalSection
	GlobalSection(ProjectConfigurationPlatforms) = postSolution
		{CCD7F824-DD3F-4A8C-A45E-4649F1C27EC6}.Debug|Any CPU.ActiveCfg = Debug|Any CPU
		{CCD7F824-DD3F-4A8C-A45E-4649F1C27EC6}.Debug|Any CPU.Build.0 = Debug|Any CPU
		{CCD7F824-DD3F-4A8C-A45E-4649F1C27EC6}.Release|Any CPU.ActiveCfg = Release|Any CPU
		{CCD7F824-DD3F-4A8C-A45E-4649F1C27EC6}.Release|Any CPU.Build.0 = Release|Any CPU
		{B0B58073-BACD-401D-86E9-DEED6638C8AE}.Debug|Any CPU.ActiveCfg = Debug|Any CPU
		{B0B58073-BACD-401D-86E9-DEED6638C8AE}.Debug|Any CPU.Build.0 = Debug|Any CPU
		{B0B58073-BACD-401D-86E9-DEED6638C8AE}.Release|Any CPU.ActiveCfg = Release|Any CPU
		{B0B58073-BACD-401D-86E9-DEED6638C8AE}.Release|Any CPU.Build.0 = Release|Any CPU
		{F3DE692E-5E56-45C2-8063-97AF36C509AB}.Debug|Any CPU.ActiveCfg = Debug|Any CPU
		{F3DE692E-5E56-45C2-8063-97AF36C509AB}.Debug|Any CPU.Build.0 = Debug|Any CPU
		{F3DE692E-5E56-45C2-8063-97AF36C509AB}.Release|Any CPU.ActiveCfg = Release|Any CPU
		{F3DE692E-5E56-45C2-8063-97AF36C509AB}.Release|Any CPU.Build.0 = Release|Any CPU
		{F623C536-80F8-445F-9D6D-D77772B8DF41}.Debug|Any CPU.ActiveCfg = Debug|Any CPU
		{F623C536-80F8-445F-9D6D-D77772B8DF41}.Debug|Any CPU.Build.0 = Debug|Any CPU
		{F623C536-80F8-445F-9D6D-D77772B8DF41}.Release|Any CPU.ActiveCfg = Release|Any CPU
		{F623C536-80F8-445F-9D6D-D77772B8DF41}.Release|Any CPU.Build.0 = Release|Any CPU
		{CFF059C3-3932-4E81-A7CF-E4D82FDCA5F4}.Debug|Any CPU.ActiveCfg = Debug|Any CPU
		{CFF059C3-3932-4E81-A7CF-E4D82FDCA5F4}.Debug|Any CPU.Build.0 = Debug|Any CPU
		{CFF059C3-3932-4E81-A7CF-E4D82FDCA5F4}.Release|Any CPU.ActiveCfg = Release|Any CPU
		{CFF059C3-3932-4E81-A7CF-E4D82FDCA5F4}.Release|Any CPU.Build.0 = Release|Any CPU
	EndGlobalSection
	GlobalSection(SolutionProperties) = preSolution
		HideSolutionNode = FALSE
	EndGlobalSection
	GlobalSection(NestedProjects) = preSolution
		{CCD7F824-DD3F-4A8C-A45E-4649F1C27EC6} = {3D5BE257-359E-4CFE-A717-F1D6F6F68690}
		{B0B58073-BACD-401D-86E9-DEED6638C8AE} = {3D5BE257-359E-4CFE-A717-F1D6F6F68690}
		{F3DE692E-5E56-45C2-8063-97AF36C509AB} = {3D5BE257-359E-4CFE-A717-F1D6F6F68690}
		{F623C536-80F8-445F-9D6D-D77772B8DF41} = {7C1222DD-28DF-4C78-8AC9-8B66A36EC620}
		{CFF059C3-3932-4E81-A7CF-E4D82FDCA5F4} = {3D5BE257-359E-4CFE-A717-F1D6F6F68690}
	EndGlobalSection
	GlobalSection(ExtensibilityGlobals) = postSolution
		SolutionGuid = {B784A92A-74A1-4F87-9388-99491DF84787}
	EndGlobalSection
EndGlobal
